{
  "name": "ckanext-selfinfo",
  "version": "1.0.0",
  "lockfileVersion": 1,
  "requires": true,
  "dependencies": {
    "fsevents": {
      "version": "2.3.3",
      "resolved": "https://registry.npmjs.org/fsevents/-/fsevents-2.3.3.tgz",
      "integrity": "sha512-5xoDfX+fL7faATnagmWPpbFtwh/R77WmMMqqHGS65C3vvB0YHrgF+B1YmZ3441tMj5n63k0212XNoJwzlhffQw==",
      "dev": true,
      "optional": true
    },
    "pyright": {
      "version": "1.1.400",
      "resolved": "https://registry.npmjs.org/pyright/-/pyright-1.1.400.tgz",
      "integrity": "sha512-e0NFMPWhMvPn4siTAN6MsWZ6S/ePydUp1BOXbkh+8I+H+/KulnBb+2ceHNkI32nxZWalQxfUMNoGCHdGMXsmUA==",
      "dev": true,
      "requires": {
        "fsevents": "~2.3.3"
      }
    }
  }
}
